
Microsoft Visual Studio Solution File, Format Version 12.00
# Visual Studio 14
VisualStudioVersion = 14.0.25420.1
MinimumVisualStudioVersion = 10.0.40219.1
Project("{2150E333-8FDC-42A3-9474-1A3956D46DE8}") = "src", "src", "{017F0670-99A3-4F8B-8935-7D50BB8D8419}"
EndProject
Project("{2150E333-8FDC-42A3-9474-1A3956D46DE8}") = "Solution Items", "Solution Items", "{64CABAE8-0242-4D3B-9543-1D194067855D}"
	ProjectSection(SolutionItems) = preProject
		global.json = global.json
	EndProjectSection
EndProject
Project("{8BB2217D-0F2D-49D1-97BC-3654ED321F3B}") = "middleware_tutorials", "src\middleware_tutorials\middleware_tutorials.xproj", "{06636068-51BA-4EF5-9515-6E3F8BC507B4}"
EndProject
Global
	GlobalSection(SolutionConfigurationPlatforms) = preSolution
		Debug|Any CPU = Debug|Any CPU
		Release|Any CPU = Release|Any CPU
	EndGlobalSection
	GlobalSection(ProjectConfigurationPlatforms) = postSolution
		{06636068-51BA-4EF5-9515-6E3F8BC507B4}.Debug|Any CPU.ActiveCfg = Debug|Any CPU
		{06636068-51BA-4EF5-9515-6E3F8BC507B4}.Debug|Any CPU.Build.0 = Debug|Any CPU
		{06636068-51BA-4EF5-9515-6E3F8BC507B4}.Release|Any CPU.ActiveCfg = Release|Any CPU
		{06636068-51BA-4EF5-9515-6E3F8BC507B4}.Release|Any CPU.Build.0 = Release|Any CPU
	EndGlobalSection
	GlobalSection(SolutionProperties) = preSolution
		HideSolutionNode = FALSE
	EndGlobalSection
	GlobalSection(NestedProjects) = preSolution
		{06636068-51BA-4EF5-9515-6E3F8BC507B4} = {017F0670-99A3-4F8B-8935-7D50BB8D8419}
	EndGlobalSection
EndGlobal
